
Microsoft Visual Studio Solution File, Format Version 12.00
# Visual Studio Version 16
VisualStudioVersion = 16.0.29820.132
MinimumVisualStudioVersion = 10.0.40219.1
Project("{FAE04EC0-301F-11D3-BF4B-00C04F79EFBC}") = "OpgaveTeamSelection", "OpgaveTeamSelection\OpgaveTeamSelection.csproj", "{6CA693F9-07AA-4CE0-AAE5-DD98D5CDD54A}"
EndProject
Project("{2150E333-8FDC-42A3-9474-1A3956D46DE8}") = "Ontwerp", "Ontwerp", "{E8C571D1-1928-454C-A293-162A2815B5ED}"
EndProject
Project("{FAE04EC0-301F-11D3-BF4B-00C04F79EFBC}") = "Ontwerp1", "Ontwerp1\Ontwerp1.csproj", "{2AA7025B-122A-47F1-BCD6-D9DFA29E91CB}"
EndProject
Global
	GlobalSection(SolutionConfigurationPlatforms) = preSolution
		Debug|Any CPU = Debug|Any CPU
		Release|Any CPU = Release|Any CPU
	EndGlobalSection
	GlobalSection(ProjectConfigurationPlatforms) = postSolution
		{6CA693F9-07AA-4CE0-AAE5-DD98D5CDD54A}.Debug|Any CPU.ActiveCfg = Debug|Any CPU
		{6CA693F9-07AA-4CE0-AAE5-DD98D5CDD54A}.Debug|Any CPU.Build.0 = Debug|Any CPU
		{6CA693F9-07AA-4CE0-AAE5-DD98D5CDD54A}.Release|Any CPU.ActiveCfg = Release|Any CPU
		{6CA693F9-07AA-4CE0-AAE5-DD98D5CDD54A}.Release|Any CPU.Build.0 = Release|Any CPU
		{2AA7025B-122A-47F1-BCD6-D9DFA29E91CB}.Debug|Any CPU.ActiveCfg = Debug|Any CPU
		{2AA7025B-122A-47F1-BCD6-D9DFA29E91CB}.Debug|Any CPU.Build.0 = Debug|Any CPU
		{2AA7025B-122A-47F1-BCD6-D9DFA29E91CB}.Release|Any CPU.ActiveCfg = Release|Any CPU
		{2AA7025B-122A-47F1-BCD6-D9DFA29E91CB}.Release|Any CPU.Build.0 = Release|Any CPU
	EndGlobalSection
	GlobalSection(SolutionProperties) = preSolution
		HideSolutionNode = FALSE
	EndGlobalSection
	GlobalSection(NestedProjects) = preSolution
		{2AA7025B-122A-47F1-BCD6-D9DFA29E91CB} = {E8C571D1-1928-454C-A293-162A2815B5ED}
	EndGlobalSection
	GlobalSection(ExtensibilityGlobals) = postSolution
		SolutionGuid = {68BFFD74-7354-4D83-A075-51CF305709BB}
	EndGlobalSection
EndGlobal
